<?xml version="1.0" encoding="utf-8"?>
<Project ToolsVersion="4.0" xmlns="http://schemas.microsoft.com/developer/msbuild/2003">
  <ItemGroup>
    <Filter Include="Archivos de origen">
      <UniqueIdentifier>{4FC737F1-C7A5-4376-A066-2A32D752A2FF}</UniqueIdentifier>
      <Extensions>cpp;c;cc;cxx;def;odl;idl;hpj;bat;asm;asmx</Extensions>
    </Filter>
    <Filter Include="Archivos de encabezado">
      <UniqueIdentifier>{93995380-89BD-4b04-88EB-625FBE52EBFB}</UniqueIdentifier>
      <Extensions>h;hh;hpp;hxx;hm;inl;inc;ipp;xsd</Extensions>
    </Filter>
    <Filter Include="Archivos de recursos">
      <UniqueIdentifier>{67DA6AB6-F800-4c08-8B7A-83BB121AAD01}</UniqueIdentifier>
      <Extensions>rc;ico;cur;bmp;dlg;rc2;rct;bin;rgs;gif;jpg;jpeg;jpe;resx;tiff;tif;png;wav;mfcribbon-ms</Extensions>
    </Filter>
    <Filter Include="Archivos de origen\LevelCreation">
      <UniqueIdentifier>{3e5a50bf-dafe-442f-abb1-7e8b92a96a2d}</UniqueIdentifier>
    </Filter>
    <Filter Include="Archivos de encabezado\LevelCreation">
      <UniqueIdentifier>{b9f22929-08aa-48cc-b3e6-35f52889ef9b}</UniqueIdentifier>
    </Filter>
    <Filter Include="Archivos de encabezado\Actors">
      <UniqueIdentifier>{6aea44fd-0080-4cbf-b48f-8665698b63f7}</UniqueIdentifier>
    </Filter>
    <Filter Include="Archivos de origen\Actors">
      <UniqueIdentifier>{2ec3f154-0df1-4d31-984f-1841b5807fba}</UniqueIdentifier>
    </Filter>
    <Filter Include="Archivos de encabezado\Utility">
      <UniqueIdentifier>{bbf3eb8d-5220-4558-83bb-3d425fa39961}</UniqueIdentifier>
    </Filter>
    <Filter Include="Archivos de origen\Utility">
      <UniqueIdentifier>{fc678cbc-fe8b-4680-8ccd-e341b94edc9d}</UniqueIdentifier>
    </Filter>
  </ItemGroup>
  <ItemGroup>
    <ClCompile Include="SFML.cpp">
      <Filter>Archivos de origen</Filter>
    </ClCompile>
    <ClCompile Include="MapCreationTool.cpp">
      <Filter>Archivos de origen\LevelCreation</Filter>
    </ClCompile>
    <ClCompile Include="DebugUtilities.cpp">
      <Filter>Archivos de origen\Utility</Filter>
    </ClCompile>
    <ClCompile Include="GraphicUtilities.cpp">
      <Filter>Archivos de origen\Utility</Filter>
    </ClCompile>
    <ClCompile Include="Actor.cpp">
      <Filter>Archivos de origen\Actors</Filter>
    </ClCompile>
    <ClCompile Include="FontUtilities.cpp">
      <Filter>Archivos de origen\Utility</Filter>
    </ClCompile>
    <ClCompile Include="Map.cpp">
      <Filter>Archivos de origen</Filter>
    </ClCompile>
  </ItemGroup>
  <ItemGroup>
    <ClInclude Include="MapCreationTool.h">
      <Filter>Archivos de encabezado\LevelCreation</Filter>
    </ClInclude>
    <ClInclude Include="Actor.h">
      <Filter>Archivos de encabezado</Filter>
    </ClInclude>
    <ClInclude Include="GraphicUtilities.h">
      <Filter>Archivos de encabezado\Utility</Filter>
    </ClInclude>
    <ClInclude Include="DebugUtilities.h">
      <Filter>Archivos de encabezado\Utility</Filter>
    </ClInclude>
    <ClInclude Include="FontUtilities.h">
      <Filter>Archivos de encabezado\Utility</Filter>
    </ClInclude>
    <ClInclude Include="Map.h">
      <Filter>Archivos de encabezado</Filter>
    </ClInclude>
  </ItemGroup>
</Project>